
Microsoft Visual Studio Solution File, Format Version 12.00
# Visual Studio Version 16
VisualStudioVersion = 16.0.29025.244
MinimumVisualStudioVersion = 10.0.40219.1
Project("{FAE04EC0-301F-11D3-BF4B-00C04F79EFBC}") = "Calculator", "Calculator\Calculator.csproj", "{A7AE4E96-443E-4F9C-A8A2-2FAAA656FDAD}"
EndProject
Project("{FAE04EC0-301F-11D3-BF4B-00C04F79EFBC}") = "Calculator.Tests", "Calculator.Tests\Calculator.Tests.csproj", "{2434F9AB-4897-4B6C-9FF4-DEBBF6BCAEA2}"
EndProject
Global
	GlobalSection(SolutionConfigurationPlatforms) = preSolution
		Debug|Any CPU = Debug|Any CPU
		Release|Any CPU = Release|Any CPU
	EndGlobalSection
	GlobalSection(ProjectConfigurationPlatforms) = postSolution
		{A7AE4E96-443E-4F9C-A8A2-2FAAA656FDAD}.Debug|Any CPU.ActiveCfg = Debug|Any CPU
		{A7AE4E96-443E-4F9C-A8A2-2FAAA656FDAD}.Debug|Any CPU.Build.0 = Debug|Any CPU
		{A7AE4E96-443E-4F9C-A8A2-2FAAA656FDAD}.Release|Any CPU.ActiveCfg = Release|Any CPU
		{A7AE4E96-443E-4F9C-A8A2-2FAAA656FDAD}.Release|Any CPU.Build.0 = Release|Any CPU
		{2434F9AB-4897-4B6C-9FF4-DEBBF6BCAEA2}.Debug|Any CPU.ActiveCfg = Debug|Any CPU
		{2434F9AB-4897-4B6C-9FF4-DEBBF6BCAEA2}.Debug|Any CPU.Build.0 = Debug|Any CPU
		{2434F9AB-4897-4B6C-9FF4-DEBBF6BCAEA2}.Release|Any CPU.ActiveCfg = Release|Any CPU
		{2434F9AB-4897-4B6C-9FF4-DEBBF6BCAEA2}.Release|Any CPU.Build.0 = Release|Any CPU
	EndGlobalSection
	GlobalSection(SolutionProperties) = preSolution
		HideSolutionNode = FALSE
	EndGlobalSection
	GlobalSection(ExtensibilityGlobals) = postSolution
		SolutionGuid = {82DF147A-1341-4FB3-91C0-6B3D9E426B8B}
	EndGlobalSection
EndGlobal
